<?xml version="1.0" encoding="utf-8"?>
<Project ToolsVersion="4.0" xmlns="http://schemas.microsoft.com/developer/msbuild/2003">
  <ItemGroup>
    <Filter Include="헤더 파일">
      <UniqueIdentifier>{93995380-89BD-4b04-88EB-625FBE52EBFB}</UniqueIdentifier>
      <Extensions>h;hh;hpp;hxx;h++;hm;inl;inc;ipp;xsd</Extensions>
    </Filter>
    <Filter Include="리소스 파일">
      <UniqueIdentifier>{67DA6AB6-F800-4c08-8B7A-83BB121AAD01}</UniqueIdentifier>
      <Extensions>rc;ico;cur;bmp;dlg;rc2;rct;bin;rgs;gif;jpg;jpeg;jpe;resx;tiff;tif;png;wav;mfcribbon-ms</Extensions>
    </Filter>
    <Filter Include="Entry Point">
      <UniqueIdentifier>{4FC737F1-C7A5-4376-A066-2A32D752A2FF}</UniqueIdentifier>
      <Extensions>cpp;c;cc;cxx;c++;cppm;ixx;def;odl;idl;hpj;bat;asm;asmx</Extensions>
    </Filter>
    <Filter Include="DemoProcess">
      <UniqueIdentifier>{000e1dd4-946a-4d60-9aa6-306d09c31563}</UniqueIdentifier>
    </Filter>
    <Filter Include="DemoObject">
      <UniqueIdentifier>{74cb4a02-544e-4134-bb85-f7979d889cf4}</UniqueIdentifier>
    </Filter>
    <Filter Include="DemoCamera">
      <UniqueIdentifier>{5d142a40-2788-4648-a552-2d42d0d49e1b}</UniqueIdentifier>
    </Filter>
    <Filter Include="DemoManager">
      <UniqueIdentifier>{d1511524-0aee-4d83-8ae1-de2d44251af7}</UniqueIdentifier>
    </Filter>
    <Filter Include="DemoManager\Key">
      <UniqueIdentifier>{24814c62-7bfc-4cf1-97c8-ab2013b99505}</UniqueIdentifier>
    </Filter>
    <Filter Include="DemoManager\Time">
      <UniqueIdentifier>{9b9d1735-74a9-4b6f-82c1-38a8cf6077ca}</UniqueIdentifier>
    </Filter>
    <Filter Include="DemoManager\Set">
      <UniqueIdentifier>{20737f34-5642-4dce-9811-5a61c444e549}</UniqueIdentifier>
    </Filter>
    <Filter Include="DemoObject\LineObject">
      <UniqueIdentifier>{0ecc2980-a92f-4de6-82a8-4d84b3b47760}</UniqueIdentifier>
    </Filter>
  </ItemGroup>
  <ItemGroup>
    <ClInclude Include="framework.h">
      <Filter>헤더 파일</Filter>
    </ClInclude>
    <ClInclude Include="targetver.h">
      <Filter>헤더 파일</Filter>
    </ClInclude>
    <ClInclude Include="Resource.h">
      <Filter>헤더 파일</Filter>
    </ClInclude>
    <ClInclude Include="DemoProcess.h">
      <Filter>DemoProcess</Filter>
    </ClInclude>
    <ClInclude Include="DemoObject.h">
      <Filter>DemoObject</Filter>
    </ClInclude>
    <ClInclude Include="D3D.h">
      <Filter>Entry Point</Filter>
    </ClInclude>
    <ClInclude Include="pch.h">
      <Filter>헤더 파일</Filter>
    </ClInclude>
    <ClInclude Include="DemoCamera.h">
      <Filter>DemoCamera</Filter>
    </ClInclude>
    <ClInclude Include="KeyManager.h">
      <Filter>DemoManager\Key</Filter>
    </ClInclude>
    <ClInclude Include="TimeManager.h">
      <Filter>DemoManager\Time</Filter>
    </ClInclude>
    <ClInclude Include="LineObject.h">
      <Filter>DemoObject\LineObject</Filter>
    </ClInclude>
    <ClInclude Include="ManagerSet.h">
      <Filter>DemoManager\Set</Filter>
    </ClInclude>
  </ItemGroup>
  <ItemGroup>
    <ClCompile Include="D3D.cpp">
      <Filter>Entry Point</Filter>
    </ClCompile>
    <ClCompile Include="DemoProcess.cpp">
      <Filter>DemoProcess</Filter>
    </ClCompile>
    <ClCompile Include="DemoObject.cpp">
      <Filter>DemoObject</Filter>
    </ClCompile>
    <ClCompile Include="DemoCamera.cpp">
      <Filter>DemoCamera</Filter>
    </ClCompile>
    <ClCompile Include="KeyManager.cpp">
      <Filter>DemoManager\Key</Filter>
    </ClCompile>
    <ClCompile Include="TimeManager.cpp">
      <Filter>DemoManager\Time</Filter>
    </ClCompile>
    <ClCompile Include="LineObject.cpp">
      <Filter>DemoObject\LineObject</Filter>
    </ClCompile>
    <ClCompile Include="ManagerSet.cpp">
      <Filter>DemoManager\Set</Filter>
    </ClCompile>
  </ItemGroup>
  <ItemGroup>
    <ResourceCompile Include="D3D.rc">
      <Filter>리소스 파일</Filter>
    </ResourceCompile>
  </ItemGroup>
  <ItemGroup>
    <Image Include="small.ico">
      <Filter>리소스 파일</Filter>
    </Image>
    <Image Include="D3D.ico">
      <Filter>리소스 파일</Filter>
    </Image>
  </ItemGroup>
</Project>