
Microsoft Visual Studio Solution File, Format Version 12.00
# Visual Studio Version 17
VisualStudioVersion = 17.7.34024.191
MinimumVisualStudioVersion = 10.0.40219.1
Project("{8BC9CEB8-8B4A-11D0-8D11-00A0C91BC942}") = "D3DGraphics", "D3DGraphics\D3DGraphics.vcxproj", "{21EB4B35-53D2-4B97-BAC8-E442702C0355}"
	ProjectSection(ProjectDependencies) = postProject
		{60A600AF-0C44-43B9-90C6-746683D19DA0} = {60A600AF-0C44-43B9-90C6-746683D19DA0}
	EndProjectSection
EndProject
Project("{8BC9CEB8-8B4A-11D0-8D11-00A0C91BC942}") = "D3DDemo", "D3D\D3D.vcxproj", "{005C7857-F304-4A09-8A3E-8CB5AF3C9CC9}"
	ProjectSection(ProjectDependencies) = postProject
		{21EB4B35-53D2-4B97-BAC8-E442702C0355} = {21EB4B35-53D2-4B97-BAC8-E442702C0355}
	EndProjectSection
EndProject
Project("{8BC9CEB8-8B4A-11D0-8D11-00A0C91BC942}") = "FBXLoader", "FBXLoader\FBXLoader.vcxproj", "{60A600AF-0C44-43B9-90C6-746683D19DA0}"
EndProject
Global
	GlobalSection(SolutionConfigurationPlatforms) = preSolution
		Debug|x64 = Debug|x64
		Debug|x86 = Debug|x86
		Release|x64 = Release|x64
		Release|x86 = Release|x86
	EndGlobalSection
	GlobalSection(ProjectConfigurationPlatforms) = postSolution
		{21EB4B35-53D2-4B97-BAC8-E442702C0355}.Debug|x64.ActiveCfg = Debug|x64
		{21EB4B35-53D2-4B97-BAC8-E442702C0355}.Debug|x64.Build.0 = Debug|x64
		{21EB4B35-53D2-4B97-BAC8-E442702C0355}.Debug|x86.ActiveCfg = Debug|Win32
		{21EB4B35-53D2-4B97-BAC8-E442702C0355}.Debug|x86.Build.0 = Debug|Win32
		{21EB4B35-53D2-4B97-BAC8-E442702C0355}.Release|x64.ActiveCfg = Release|x64
		{21EB4B35-53D2-4B97-BAC8-E442702C0355}.Release|x64.Build.0 = Release|x64
		{21EB4B35-53D2-4B97-BAC8-E442702C0355}.Release|x86.ActiveCfg = Release|Win32
		{21EB4B35-53D2-4B97-BAC8-E442702C0355}.Release|x86.Build.0 = Release|Win32
		{005C7857-F304-4A09-8A3E-8CB5AF3C9CC9}.Debug|x64.ActiveCfg = Debug|x64
		{005C7857-F304-4A09-8A3E-8CB5AF3C9CC9}.Debug|x64.Build.0 = Debug|x64
		{005C7857-F304-4A09-8A3E-8CB5AF3C9CC9}.Debug|x86.ActiveCfg = Debug|Win32
		{005C7857-F304-4A09-8A3E-8CB5AF3C9CC9}.Debug|x86.Build.0 = Debug|Win32
		{005C7857-F304-4A09-8A3E-8CB5AF3C9CC9}.Release|x64.ActiveCfg = Release|x64
		{005C7857-F304-4A09-8A3E-8CB5AF3C9CC9}.Release|x64.Build.0 = Release|x64
		{005C7857-F304-4A09-8A3E-8CB5AF3C9CC9}.Release|x86.ActiveCfg = Release|Win32
		{005C7857-F304-4A09-8A3E-8CB5AF3C9CC9}.Release|x86.Build.0 = Release|Win32
		{60A600AF-0C44-43B9-90C6-746683D19DA0}.Debug|x64.ActiveCfg = Debug|x64
		{60A600AF-0C44-43B9-90C6-746683D19DA0}.Debug|x64.Build.0 = Debug|x64
		{60A600AF-0C44-43B9-90C6-746683D19DA0}.Debug|x86.ActiveCfg = Debug|Win32
		{60A600AF-0C44-43B9-90C6-746683D19DA0}.Debug|x86.Build.0 = Debug|Win32
		{60A600AF-0C44-43B9-90C6-746683D19DA0}.Release|x64.ActiveCfg = Release|x64
		{60A600AF-0C44-43B9-90C6-746683D19DA0}.Release|x64.Build.0 = Release|x64
		{60A600AF-0C44-43B9-90C6-746683D19DA0}.Release|x86.ActiveCfg = Release|Win32
		{60A600AF-0C44-43B9-90C6-746683D19DA0}.Release|x86.Build.0 = Release|Win32
	EndGlobalSection
	GlobalSection(SolutionProperties) = preSolution
		HideSolutionNode = FALSE
	EndGlobalSection
	GlobalSection(ExtensibilityGlobals) = postSolution
		SolutionGuid = {E0D8C9D6-AEB7-4AA3-A056-729AD4376DAE}
	EndGlobalSection
EndGlobal
