<?xml version="1.0" encoding="utf-8"?>
<Project ToolsVersion="4.0" xmlns="http://schemas.microsoft.com/developer/msbuild/2003">
  <ItemGroup>
    <Filter Include="Engine">
      <UniqueIdentifier>{2067870f-7aeb-495f-bb4d-12fb18174fea}</UniqueIdentifier>
    </Filter>
    <Filter Include="Vertex">
      <UniqueIdentifier>{bc783b55-bd17-43b0-8bd0-1dbd4eb88998}</UniqueIdentifier>
    </Filter>
    <Filter Include="Color">
      <UniqueIdentifier>{7dbea27b-5a96-4afe-a7ef-3623dfbeab3b}</UniqueIdentifier>
    </Filter>
    <Filter Include="Writer">
      <UniqueIdentifier>{bbbcd0d6-414d-4b48-b85d-41d8304130ef}</UniqueIdentifier>
    </Filter>
    <Filter Include="Shader">
      <UniqueIdentifier>{d603e31c-8d7e-4c96-b01e-65051adb2c9d}</UniqueIdentifier>
    </Filter>
    <Filter Include="Mesh">
      <UniqueIdentifier>{3dc7ed7d-f45f-4ca5-9363-6594c809bf9f}</UniqueIdentifier>
    </Filter>
    <Filter Include="Parser">
      <UniqueIdentifier>{0e2b2bea-c49a-46da-adcb-b048648df311}</UniqueIdentifier>
    </Filter>
    <Filter Include="FbxMesh">
      <UniqueIdentifier>{7ea5e306-8e79-482b-9ffa-8dd050a1d2eb}</UniqueIdentifier>
    </Filter>
    <Filter Include="Pipeline">
      <UniqueIdentifier>{b16c405c-5559-4051-8c1c-615b202f8404}</UniqueIdentifier>
    </Filter>
  </ItemGroup>
  <ItemGroup>
    <ClCompile Include="GraphicsEngine.cpp">
      <Filter>Engine</Filter>
    </ClCompile>
    <ClCompile Include="Vertex.cpp">
      <Filter>Vertex</Filter>
    </ClCompile>
    <ClCompile Include="DXTKFont.cpp">
      <Filter>Writer</Filter>
    </ClCompile>
    <ClCompile Include="Mesh.cpp">
      <Filter>Mesh</Filter>
    </ClCompile>
    <ClCompile Include="ModelParser.cpp">
      <Filter>Parser</Filter>
    </ClCompile>
    <ClCompile Include="RenderObject.cpp">
      <Filter>Mesh</Filter>
    </ClCompile>
    <ClCompile Include="FObject.cpp">
      <Filter>FbxMesh</Filter>
    </ClCompile>
    <ClCompile Include="IPipeline.cpp">
      <Filter>Pipeline</Filter>
    </ClCompile>
  </ItemGroup>
  <ItemGroup>
    <ClInclude Include="pch.h" />
    <ClInclude Include="Vertex.h">
      <Filter>Vertex</Filter>
    </ClInclude>
    <ClInclude Include="color.h">
      <Filter>Color</Filter>
    </ClInclude>
    <ClInclude Include="DXTKFont.h">
      <Filter>Writer</Filter>
    </ClInclude>
    <ClInclude Include="ASEFile.h" />
    <ClInclude Include="Mesh.h">
      <Filter>Mesh</Filter>
    </ClInclude>
    <ClInclude Include="ModelParser.h">
      <Filter>Parser</Filter>
    </ClInclude>
    <ClInclude Include="RenderObject.h">
      <Filter>Mesh</Filter>
    </ClInclude>
    <ClInclude Include="FObject.h">
      <Filter>FbxMesh</Filter>
    </ClInclude>
    <ClInclude Include="pipeline.h">
      <Filter>Pipeline</Filter>
    </ClInclude>
    <ClInclude Include="IPipeline.h">
      <Filter>Pipeline</Filter>
    </ClInclude>
    <ClInclude Include="GraphicsEngine.h">
      <Filter>Engine</Filter>
    </ClInclude>
  </ItemGroup>
  <ItemGroup>
    <FxCompile Include="..\Shader\PixelShader.hlsl">
      <Filter>Shader</Filter>
    </FxCompile>
    <FxCompile Include="..\Shader\PixelShader2.hlsl">
      <Filter>Shader</Filter>
    </FxCompile>
    <FxCompile Include="..\Shader\VertexShader.hlsl">
      <Filter>Shader</Filter>
    </FxCompile>
    <FxCompile Include="..\Shader\VertexShader2.hlsl">
      <Filter>Shader</Filter>
    </FxCompile>
    <FxCompile Include="..\Shader\LightHelper.hlsl">
      <Filter>Shader</Filter>
    </FxCompile>
    <FxCompile Include="..\Shader\VertexShader3.hlsl">
      <Filter>Shader</Filter>
    </FxCompile>
    <FxCompile Include="..\Shader\PixelShader3.hlsl">
      <Filter>Shader</Filter>
    </FxCompile>
    <FxCompile Include="..\Shader\DeferredPixelShader.hlsl">
      <Filter>Shader</Filter>
    </FxCompile>
  </ItemGroup>
</Project>