<?xml version="1.0" encoding="utf-8"?>
<Project ToolsVersion="4.0" xmlns="http://schemas.microsoft.com/developer/msbuild/2003">
  <ItemGroup>
    <Filter Include="Engine">
      <UniqueIdentifier>{2067870f-7aeb-495f-bb4d-12fb18174fea}</UniqueIdentifier>
    </Filter>
    <Filter Include="Vertex">
      <UniqueIdentifier>{bc783b55-bd17-43b0-8bd0-1dbd4eb88998}</UniqueIdentifier>
    </Filter>
    <Filter Include="Color">
      <UniqueIdentifier>{7dbea27b-5a96-4afe-a7ef-3623dfbeab3b}</UniqueIdentifier>
    </Filter>
    <Filter Include="Writer">
      <UniqueIdentifier>{bbbcd0d6-414d-4b48-b85d-41d8304130ef}</UniqueIdentifier>
    </Filter>
  </ItemGroup>
  <ItemGroup>
    <ClCompile Include="GraphicsEngine.cpp">
      <Filter>Engine</Filter>
    </ClCompile>
    <ClCompile Include="Vertex.cpp">
      <Filter>Vertex</Filter>
    </ClCompile>
    <ClCompile Include="ModelParser.cpp" />
    <ClCompile Include="DXTKFont.cpp">
      <Filter>Writer</Filter>
    </ClCompile>
  </ItemGroup>
  <ItemGroup>
    <ClInclude Include="GraphicsEngine.h">
      <Filter>Engine</Filter>
    </ClInclude>
    <ClInclude Include="pch.h" />
    <ClInclude Include="Vertex.h">
      <Filter>Vertex</Filter>
    </ClInclude>
    <ClInclude Include="color.h">
      <Filter>Color</Filter>
    </ClInclude>
    <ClInclude Include="pipeline.h" />
    <ClInclude Include="ModelParser.h" />
    <ClInclude Include="DXTKFont.h">
      <Filter>Writer</Filter>
    </ClInclude>
  </ItemGroup>
  <ItemGroup>
    <FxCompile Include="VertexShader.hlsl" />
    <FxCompile Include="PixelShader.hlsl" />
  </ItemGroup>
</Project>